
Microsoft Visual Studio Solution File, Format Version 12.00
# Visual Studio Version 17
VisualStudioVersion = 17.5.33627.172
MinimumVisualStudioVersion = 10.0.40219.1
Project("{9A19103F-16F7-4668-BE54-9A1E7A4F7556}") = "TMobile.Api", "TMobile.Api.csproj", "{DDBAD3B7-7B9E-45EF-B7DC-F9B59213B86C}"
EndProject
Global
	GlobalSection(SolutionConfigurationPlatforms) = preSolution
		Debug|Any CPU = Debug|Any CPU
		Release|Any CPU = Release|Any CPU
	EndGlobalSection
	GlobalSection(ProjectConfigurationPlatforms) = postSolution
		{DDBAD3B7-7B9E-45EF-B7DC-F9B59213B86C}.Debug|Any CPU.ActiveCfg = Debug|Any CPU
		{DDBAD3B7-7B9E-45EF-B7DC-F9B59213B86C}.Debug|Any CPU.Build.0 = Debug|Any CPU
		{DDBAD3B7-7B9E-45EF-B7DC-F9B59213B86C}.Release|Any CPU.ActiveCfg = Release|Any CPU
		{DDBAD3B7-7B9E-45EF-B7DC-F9B59213B86C}.Release|Any CPU.Build.0 = Release|Any CPU
	EndGlobalSection
	GlobalSection(SolutionProperties) = preSolution
		HideSolutionNode = FALSE
	EndGlobalSection
	GlobalSection(ExtensibilityGlobals) = postSolution
		SolutionGuid = {D7F2311F-1432-47D3-9EA6-683D33BCD960}
	EndGlobalSection
EndGlobal
